// !$*UTF8*$!
{
	archiveVersion = 1;
	classes = {
	};
	objectVersion = 46;
	objects = {

/* Begin PBXBuildFile section */
		5A031AC91B252DDB002C2207 /* EventDetailViewController.m in Sources */ = {isa = PBXBuildFile; fileRef = 5A031AC81B252DDB002C2207 /* EventDetailViewController.m */; };
		5A031ACD1B252EF6002C2207 /* EventDetailHeaderCell.m in Sources */ = {isa = PBXBuildFile; fileRef = 5A031ACB1B252EF6002C2207 /* EventDetailHeaderCell.m */; };
		5A031ACE1B252EF6002C2207 /* EventDetailHeaderCell.xib in Resources */ = {isa = PBXBuildFile; fileRef = 5A031ACC1B252EF6002C2207 /* EventDetailHeaderCell.xib */; };
		5A2DFF301B2195BE002F3DD6 /* EventContentCell.m in Sources */ = {isa = PBXBuildFile; fileRef = 5A2DFF2E1B2195BE002F3DD6 /* EventContentCell.m */; };
		5A2E7A601B1EF40700DC0CCF /* ConvertFromXib.m in Sources */ = {isa = PBXBuildFile; fileRef = 5A2E7A5F1B1EF40700DC0CCF /* ConvertFromXib.m */; };
		5A456A4E1B2137C400CC2CE5 /* HomeContentCell.m in Sources */ = {isa = PBXBuildFile; fileRef = 5A456A4C1B2137C400CC2CE5 /* HomeContentCell.m */; };
		5A6BA7711B1FEF770065F9A3 /* HomeTopCell.xib in Resources */ = {isa = PBXBuildFile; fileRef = 5A6BA7701B1FEF770065F9A3 /* HomeTopCell.xib */; };
		5A6BA7741B1FEFAD0065F9A3 /* HomeTopCell.m in Sources */ = {isa = PBXBuildFile; fileRef = 5A6BA7731B1FEFAD0065F9A3 /* HomeTopCell.m */; };
		5AB198DB1B2151BC006D4909 /* SectionBackgroundLayout.m in Sources */ = {isa = PBXBuildFile; fileRef = 5AB198DA1B2151BC006D4909 /* SectionBackgroundLayout.m */; };
		5AB198DD1B2151D1006D4909 /* SectionBackgroundView1.xib in Resources */ = {isa = PBXBuildFile; fileRef = 5AB198DC1B2151D1006D4909 /* SectionBackgroundView1.xib */; };
		5AC3D4631B24841D00007C48 /* UITableView+FDTemplateLayoutCell.m in Sources */ = {isa = PBXBuildFile; fileRef = 5AC3D4621B24841D00007C48 /* UITableView+FDTemplateLayoutCell.m */; };
		5AE5C1C11B218162008C751C /* HomeContentCell.xib in Resources */ = {isa = PBXBuildFile; fileRef = 5AE5C1C01B218162008C751C /* HomeContentCell.xib */; };
		5AE5C1C61B2188CA008C751C /* EventViewController.m in Sources */ = {isa = PBXBuildFile; fileRef = 5AE5C1C41B2188CA008C751C /* EventViewController.m */; };
		5AE5C1C71B2188CA008C751C /* EventViewController.xib in Resources */ = {isa = PBXBuildFile; fileRef = 5AE5C1C51B2188CA008C751C /* EventViewController.xib */; };
		5AEB6A6E1B21FF180007588D /* EventContentCell.xib in Resources */ = {isa = PBXBuildFile; fileRef = 5AEB6A6D1B21FF180007588D /* EventContentCell.xib */; };
		5AF68C401B2017EC00B7E72E /* MOCollectionViewController.m in Sources */ = {isa = PBXBuildFile; fileRef = 5AF68C3F1B2017EC00B7E72E /* MOCollectionViewController.m */; };
		5AF68C441B201AE000B7E72E /* MOCollectionViewController.xib in Resources */ = {isa = PBXBuildFile; fileRef = 5AF68C431B201AE000B7E72E /* MOCollectionViewController.xib */; };
		5AF68C471B201F9D00B7E72E /* HomeViewController.m in Sources */ = {isa = PBXBuildFile; fileRef = 5AF68C461B201F9D00B7E72E /* HomeViewController.m */; };
		BC8025711B1D4DA80043B397 /* main.m in Sources */ = {isa = PBXBuildFile; fileRef = BC8025701B1D4DA80043B397 /* main.m */; };
		BC8025741B1D4DA80043B397 /* AppDelegate.m in Sources */ = {isa = PBXBuildFile; fileRef = BC8025731B1D4DA80043B397 /* AppDelegate.m */; };
		BC80257C1B1D4DA80043B397 /* Images.xcassets in Resources */ = {isa = PBXBuildFile; fileRef = BC80257B1B1D4DA80043B397 /* Images.xcassets */; };
		BC80258B1B1D4DA80043B397 /* TongQuTests.m in Sources */ = {isa = PBXBuildFile; fileRef = BC80258A1B1D4DA80043B397 /* TongQuTests.m */; };
		BC8026751B1D50D20043B397 /* AlertNotice.m in Sources */ = {isa = PBXBuildFile; fileRef = BC80261A1B1D50D20043B397 /* AlertNotice.m */; };
		BC8026761B1D50D20043B397 /* Environment.m in Sources */ = {isa = PBXBuildFile; fileRef = BC80261D1B1D50D20043B397 /* Environment.m */; };
		BC8026771B1D50D20043B397 /* MOGroupStyleTableViewController.m in Sources */ = {isa = PBXBuildFile; fileRef = BC80261F1B1D50D20043B397 /* MOGroupStyleTableViewController.m */; };
		BC8026781B1D50D20043B397 /* MONavigationController.m in Sources */ = {isa = PBXBuildFile; fileRef = BC8026211B1D50D20043B397 /* MONavigationController.m */; };
		BC8026791B1D50D20043B397 /* MOTableViewController.m in Sources */ = {isa = PBXBuildFile; fileRef = BC8026231B1D50D20043B397 /* MOTableViewController.m */; };
		BC80267A1B1D50D20043B397 /* MOViewController.m in Sources */ = {isa = PBXBuildFile; fileRef = BC8026251B1D50D20043B397 /* MOViewController.m */; };
		BC80267B1B1D50D20043B397 /* MOWebViewController.m in Sources */ = {isa = PBXBuildFile; fileRef = BC8026271B1D50D20043B397 /* MOWebViewController.m */; };
		BC80267C1B1D50D20043B397 /* NSError+MOError.m in Sources */ = {isa = PBXBuildFile; fileRef = BC80262A1B1D50D20043B397 /* NSError+MOError.m */; };
		BC80267D1B1D50D20043B397 /* NSString+MOURLEncode.m in Sources */ = {isa = PBXBuildFile; fileRef = BC80262C1B1D50D20043B397 /* NSString+MOURLEncode.m */; };
		BC80267E1B1D50D20043B397 /* NSURL+MOURL.m in Sources */ = {isa = PBXBuildFile; fileRef = BC80262E1B1D50D20043B397 /* NSURL+MOURL.m */; };
		BC80267F1B1D50D20043B397 /* UIImage+Color.m in Sources */ = {isa = PBXBuildFile; fileRef = BC8026301B1D50D20043B397 /* UIImage+Color.m */; };
		BC8026801B1D50D20043B397 /* UILabel+ContentSize.m in Sources */ = {isa = PBXBuildFile; fileRef = BC8026321B1D50D20043B397 /* UILabel+ContentSize.m */; };
		BC8026811B1D50D20043B397 /* UIView+Frame.m in Sources */ = {isa = PBXBuildFile; fileRef = BC8026341B1D50D20043B397 /* UIView+Frame.m */; };
		BC8026841B1D50D20043B397 /* BaseModel.m in Sources */ = {isa = PBXBuildFile; fileRef = BC80263C1B1D50D20043B397 /* BaseModel.m */; };
		BC80268A1B1D50D20043B397 /* UploadImageModel.m in Sources */ = {isa = PBXBuildFile; fileRef = BC80264D1B1D50D20043B397 /* UploadImageModel.m */; };
		BC80268E1B1D50D20043B397 /* Account.m in Sources */ = {isa = PBXBuildFile; fileRef = BC8026591B1D50D20043B397 /* Account.m */; };
		BC80268F1B1D50D20043B397 /* AccountModel.m in Sources */ = {isa = PBXBuildFile; fileRef = BC80265B1B1D50D20043B397 /* AccountModel.m */; };
		BC8026901B1D50D20043B397 /* User.m in Sources */ = {isa = PBXBuildFile; fileRef = BC80265D1B1D50D20043B397 /* User.m */; };
		BC8026911B1D50D20043B397 /* scheme.plist in Resources */ = {isa = PBXBuildFile; fileRef = BC80265E1B1D50D20043B397 /* scheme.plist */; };
		BC8026921B1D50D20043B397 /* AccountService.m in Sources */ = {isa = PBXBuildFile; fileRef = BC8026621B1D50D20043B397 /* AccountService.m */; };
		BC8026931B1D50D20043B397 /* HttpService.m in Sources */ = {isa = PBXBuildFile; fileRef = BC8026651B1D50D20043B397 /* HttpService.m */; };
		BC8026941B1D50D20043B397 /* URLMappingManager.m in Sources */ = {isa = PBXBuildFile; fileRef = BC8026671B1D50D20043B397 /* URLMappingManager.m */; };
		BC8026951B1D50D20043B397 /* ThirdAccountHelper.m in Sources */ = {isa = PBXBuildFile; fileRef = BC80266B1B1D50D20043B397 /* ThirdAccountHelper.m */; };
		BC8026961B1D50D20043B397 /* AvatarImageView.m in Sources */ = {isa = PBXBuildFile; fileRef = BC80266E1B1D50D20043B397 /* AvatarImageView.m */; };
		BC8026981B1D50D20043B397 /* MOButton.m in Sources */ = {isa = PBXBuildFile; fileRef = BC8026721B1D50D20043B397 /* MOButton.m */; };
		BC8026991B1D50D20043B397 /* MOLabel.m in Sources */ = {isa = PBXBuildFile; fileRef = BC8026741B1D50D20043B397 /* MOLabel.m */; };
		BC8026A51B1D522D0043B397 /* LoginViewController.m in Sources */ = {isa = PBXBuildFile; fileRef = BC80269E1B1D522D0043B397 /* LoginViewController.m */; };
		BC8026A61B1D522D0043B397 /* LoginViewController.xib in Resources */ = {isa = PBXBuildFile; fileRef = BC80269F1B1D522D0043B397 /* LoginViewController.xib */; };
		BC8026A71B1D522D0043B397 /* MyStatusViewController.m in Sources */ = {isa = PBXBuildFile; fileRef = BC8026A11B1D522D0043B397 /* MyStatusViewController.m */; };
		BC8026A81B1D522D0043B397 /* RegisterViewController.m in Sources */ = {isa = PBXBuildFile; fileRef = BC8026A31B1D522D0043B397 /* RegisterViewController.m */; };
		BC8026A91B1D522D0043B397 /* RegisterViewController.xib in Resources */ = {isa = PBXBuildFile; fileRef = BC8026A41B1D522D0043B397 /* RegisterViewController.xib */; };
		BC8026AC1B1D525A0043B397 /* UITextView+Placeholder.m in Sources */ = {isa = PBXBuildFile; fileRef = BC8026AB1B1D525A0043B397 /* UITextView+Placeholder.m */; };
		BC8026AF1B1D52650043B397 /* DatePickerSheet.m in Sources */ = {isa = PBXBuildFile; fileRef = BC8026AE1B1D52650043B397 /* DatePickerSheet.m */; };
		BC8026B51B1D58410043B397 /* libz.dylib in Frameworks */ = {isa = PBXBuildFile; fileRef = BC8026B41B1D58410043B397 /* libz.dylib */; };
		BC8026B71B1D584A0043B397 /* libsqlite3.dylib in Frameworks */ = {isa = PBXBuildFile; fileRef = BC8026B61B1D584A0043B397 /* libsqlite3.dylib */; };
		BC8026B91B1D58520043B397 /* Security.framework in Frameworks */ = {isa = PBXBuildFile; fileRef = BC8026B81B1D58520043B397 /* Security.framework */; };
		BC8026BB1B1D58590043B397 /* SystemConfiguration.framework in Frameworks */ = {isa = PBXBuildFile; fileRef = BC8026BA1B1D58590043B397 /* SystemConfiguration.framework */; };
		BC8026BD1B1D58600043B397 /* CFNetwork.framework in Frameworks */ = {isa = PBXBuildFile; fileRef = BC8026BC1B1D58600043B397 /* CFNetwork.framework */; };
		BC8026BF1B1D58BE0043B397 /* libGexinSdk-1.1.1.a in Frameworks */ = {isa = PBXBuildFile; fileRef = BC8026BE1B1D58BE0043B397 /* libGexinSdk-1.1.1.a */; };
		BC8026C31B1D59910043B397 /* WebViewController.m in Sources */ = {isa = PBXBuildFile; fileRef = BC8026C21B1D59910043B397 /* WebViewController.m */; };
		BCCB20F61B1D5D9600C51229 /* libPods.a in Frameworks */ = {isa = PBXBuildFile; fileRef = BCCB20F51B1D5D9600C51229 /* libPods.a */; };
/* End PBXBuildFile section */

/* Begin PBXContainerItemProxy section */
		BC8025851B1D4DA80043B397 /* PBXContainerItemProxy */ = {
			isa = PBXContainerItemProxy;
			containerPortal = BC8025631B1D4DA80043B397 /* Project object */;
			proxyType = 1;
			remoteGlobalIDString = BC80256A1B1D4DA80043B397;
			remoteInfo = TongQu;
		};
/* End PBXContainerItemProxy section */

/* Begin PBXFileReference section */
		5294E7B921A940274310F21A /* libPods.a */ = {isa = PBXFileReference; explicitFileType = archive.ar; includeInIndex = 0; path = libPods.a; sourceTree = BUILT_PRODUCTS_DIR; };
		5A031AC71B252DDB002C2207 /* EventDetailViewController.h */ = {isa = PBXFileReference; fileEncoding = 4; lastKnownFileType = sourcecode.c.h; name = EventDetailViewController.h; path = Event/EventDetailViewController.h; sourceTree = "<group>"; };
		5A031AC81B252DDB002C2207 /* EventDetailViewController.m */ = {isa = PBXFileReference; fileEncoding = 4; lastKnownFileType = sourcecode.c.objc; name = EventDetailViewController.m; path = Event/EventDetailViewController.m; sourceTree = "<group>"; };
		5A031ACA1B252EF6002C2207 /* EventDetailHeaderCell.h */ = {isa = PBXFileReference; fileEncoding = 4; lastKnownFileType = sourcecode.c.h; name = EventDetailHeaderCell.h; path = Event/views/EventDetailHeaderCell.h; sourceTree = "<group>"; };
		5A031ACB1B252EF6002C2207 /* EventDetailHeaderCell.m */ = {isa = PBXFileReference; fileEncoding = 4; lastKnownFileType = sourcecode.c.objc; name = EventDetailHeaderCell.m; path = Event/views/EventDetailHeaderCell.m; sourceTree = "<group>"; };
		5A031ACC1B252EF6002C2207 /* EventDetailHeaderCell.xib */ = {isa = PBXFileReference; fileEncoding = 4; lastKnownFileType = file.xib; name = EventDetailHeaderCell.xib; path = Event/views/EventDetailHeaderCell.xib; sourceTree = "<group>"; };
		5A2DFF2D1B2195BE002F3DD6 /* EventContentCell.h */ = {isa = PBXFileReference; fileEncoding = 4; lastKnownFileType = sourcecode.c.h; name = EventContentCell.h; path = Event/views/EventContentCell.h; sourceTree = "<group>"; };
		5A2DFF2E1B2195BE002F3DD6 /* EventContentCell.m */ = {isa = PBXFileReference; fileEncoding = 4; lastKnownFileType = sourcecode.c.objc; name = EventContentCell.m; path = Event/views/EventContentCell.m; sourceTree = "<group>"; };
		5A2E7A5E1B1EF40700DC0CCF /* ConvertFromXib.h */ = {isa = PBXFileReference; fileEncoding = 4; lastKnownFileType = sourcecode.c.h; path = ConvertFromXib.h; sourceTree = "<group>"; };
		5A2E7A5F1B1EF40700DC0CCF /* ConvertFromXib.m */ = {isa = PBXFileReference; fileEncoding = 4; lastKnownFileType = sourcecode.c.objc; path = ConvertFromXib.m; sourceTree = "<group>"; };
		5A456A4B1B2137C400CC2CE5 /* HomeContentCell.h */ = {isa = PBXFileReference; fileEncoding = 4; lastKnownFileType = sourcecode.c.h; name = HomeContentCell.h; path = Home/views/HomeContentCell.h; sourceTree = "<group>"; };
		5A456A4C1B2137C400CC2CE5 /* HomeContentCell.m */ = {isa = PBXFileReference; fileEncoding = 4; lastKnownFileType = sourcecode.c.objc; name = HomeContentCell.m; path = Home/views/HomeContentCell.m; sourceTree = "<group>"; };
		5A6BA7701B1FEF770065F9A3 /* HomeTopCell.xib */ = {isa = PBXFileReference; fileEncoding = 4; lastKnownFileType = file.xib; name = HomeTopCell.xib; path = Home/views/HomeTopCell.xib; sourceTree = "<group>"; };
		5A6BA7721B1FEFAD0065F9A3 /* HomeTopCell.h */ = {isa = PBXFileReference; fileEncoding = 4; lastKnownFileType = sourcecode.c.h; name = HomeTopCell.h; path = Home/views/HomeTopCell.h; sourceTree = "<group>"; };
		5A6BA7731B1FEFAD0065F9A3 /* HomeTopCell.m */ = {isa = PBXFileReference; fileEncoding = 4; lastKnownFileType = sourcecode.c.objc; name = HomeTopCell.m; path = Home/views/HomeTopCell.m; sourceTree = "<group>"; };
		5AB198D91B2151BC006D4909 /* SectionBackgroundLayout.h */ = {isa = PBXFileReference; fileEncoding = 4; lastKnownFileType = sourcecode.c.h; path = SectionBackgroundLayout.h; sourceTree = "<group>"; };
		5AB198DA1B2151BC006D4909 /* SectionBackgroundLayout.m */ = {isa = PBXFileReference; fileEncoding = 4; lastKnownFileType = sourcecode.c.objc; path = SectionBackgroundLayout.m; sourceTree = "<group>"; };
		5AB198DC1B2151D1006D4909 /* SectionBackgroundView1.xib */ = {isa = PBXFileReference; fileEncoding = 4; lastKnownFileType = file.xib; path = SectionBackgroundView1.xib; sourceTree = "<group>"; };
		5AC3D4611B24841D00007C48 /* UITableView+FDTemplateLayoutCell.h */ = {isa = PBXFileReference; fileEncoding = 4; lastKnownFileType = sourcecode.c.h; path = "UITableView+FDTemplateLayoutCell.h"; sourceTree = "<group>"; };
		5AC3D4621B24841D00007C48 /* UITableView+FDTemplateLayoutCell.m */ = {isa = PBXFileReference; fileEncoding = 4; lastKnownFileType = sourcecode.c.objc; path = "UITableView+FDTemplateLayoutCell.m"; sourceTree = "<group>"; };
		5AE5C1C01B218162008C751C /* HomeContentCell.xib */ = {isa = PBXFileReference; fileEncoding = 4; lastKnownFileType = file.xib; name = HomeContentCell.xib; path = Home/HomeContentCell.xib; sourceTree = "<group>"; };
		5AE5C1C31B2188CA008C751C /* EventViewController.h */ = {isa = PBXFileReference; fileEncoding = 4; lastKnownFileType = sourcecode.c.h; name = EventViewController.h; path = Event/EventViewController.h; sourceTree = "<group>"; };
		5AE5C1C41B2188CA008C751C /* EventViewController.m */ = {isa = PBXFileReference; fileEncoding = 4; lastKnownFileType = sourcecode.c.objc; name = EventViewController.m; path = Event/EventViewController.m; sourceTree = "<group>"; };
		5AE5C1C51B2188CA008C751C /* EventViewController.xib */ = {isa = PBXFileReference; fileEncoding = 4; lastKnownFileType = file.xib; name = EventViewController.xib; path = Event/EventViewController.xib; sourceTree = "<group>"; };
		5AEB6A6D1B21FF180007588D /* EventContentCell.xib */ = {isa = PBXFileReference; fileEncoding = 4; lastKnownFileType = file.xib; name = EventContentCell.xib; path = Event/views/EventContentCell.xib; sourceTree = "<group>"; };
		5AF68C3E1B2017EC00B7E72E /* MOCollectionViewController.h */ = {isa = PBXFileReference; fileEncoding = 4; lastKnownFileType = sourcecode.c.h; path = MOCollectionViewController.h; sourceTree = "<group>"; };
		5AF68C3F1B2017EC00B7E72E /* MOCollectionViewController.m */ = {isa = PBXFileReference; fileEncoding = 4; lastKnownFileType = sourcecode.c.objc; path = MOCollectionViewController.m; sourceTree = "<group>"; };
		5AF68C431B201AE000B7E72E /* MOCollectionViewController.xib */ = {isa = PBXFileReference; fileEncoding = 4; lastKnownFileType = file.xib; path = MOCollectionViewController.xib; sourceTree = "<group>"; };
		5AF68C451B201F9D00B7E72E /* HomeViewController.h */ = {isa = PBXFileReference; fileEncoding = 4; lastKnownFileType = sourcecode.c.h; name = HomeViewController.h; path = Home/HomeViewController.h; sourceTree = "<group>"; };
		5AF68C461B201F9D00B7E72E /* HomeViewController.m */ = {isa = PBXFileReference; fileEncoding = 4; lastKnownFileType = sourcecode.c.objc; name = HomeViewController.m; path = Home/HomeViewController.m; sourceTree = "<group>"; };
		7A922675691B52A78F00EBD5 /* Pods.debug.xcconfig */ = {isa = PBXFileReference; includeInIndex = 1; lastKnownFileType = text.xcconfig; name = Pods.debug.xcconfig; path = "Pods/Target Support Files/Pods/Pods.debug.xcconfig"; sourceTree = "<group>"; };
		9739A32A46013615D3B834B7 /* Pods.release.xcconfig */ = {isa = PBXFileReference; includeInIndex = 1; lastKnownFileType = text.xcconfig; name = Pods.release.xcconfig; path = "Pods/Target Support Files/Pods/Pods.release.xcconfig"; sourceTree = "<group>"; };
		BC80256B1B1D4DA80043B397 /* TongQu.app */ = {isa = PBXFileReference; explicitFileType = wrapper.application; includeInIndex = 0; path = TongQu.app; sourceTree = BUILT_PRODUCTS_DIR; };
		BC80256F1B1D4DA80043B397 /* Info.plist */ = {isa = PBXFileReference; lastKnownFileType = text.plist.xml; path = Info.plist; sourceTree = "<group>"; };
		BC8025701B1D4DA80043B397 /* main.m */ = {isa = PBXFileReference; lastKnownFileType = sourcecode.c.objc; path = main.m; sourceTree = "<group>"; };
		BC8025721B1D4DA80043B397 /* AppDelegate.h */ = {isa = PBXFileReference; lastKnownFileType = sourcecode.c.h; path = AppDelegate.h; sourceTree = "<group>"; };
		BC8025731B1D4DA80043B397 /* AppDelegate.m */ = {isa = PBXFileReference; lastKnownFileType = sourcecode.c.objc; path = AppDelegate.m; sourceTree = "<group>"; };
		BC80257B1B1D4DA80043B397 /* Images.xcassets */ = {isa = PBXFileReference; lastKnownFileType = folder.assetcatalog; path = Images.xcassets; sourceTree = "<group>"; };
		BC80257E1B1D4DA80043B397 /* Base */ = {isa = PBXFileReference; lastKnownFileType = file.xib; name = Base; path = Base.lproj/LaunchScreen.xib; sourceTree = "<group>"; };
		BC8025841B1D4DA80043B397 /* TongQuTests.xctest */ = {isa = PBXFileReference; explicitFileType = wrapper.cfbundle; includeInIndex = 0; path = TongQuTests.xctest; sourceTree = BUILT_PRODUCTS_DIR; };
		BC8025891B1D4DA80043B397 /* Info.plist */ = {isa = PBXFileReference; lastKnownFileType = text.plist.xml; path = Info.plist; sourceTree = "<group>"; };
		BC80258A1B1D4DA80043B397 /* TongQuTests.m */ = {isa = PBXFileReference; lastKnownFileType = sourcecode.c.objc; path = TongQuTests.m; sourceTree = "<group>"; };
		BC8026191B1D50D20043B397 /* AlertNotice.h */ = {isa = PBXFileReference; fileEncoding = 4; lastKnownFileType = sourcecode.c.h; path = AlertNotice.h; sourceTree = "<group>"; };
		BC80261A1B1D50D20043B397 /* AlertNotice.m */ = {isa = PBXFileReference; fileEncoding = 4; lastKnownFileType = sourcecode.c.objc; path = AlertNotice.m; sourceTree = "<group>"; };
		BC80261B1B1D50D20043B397 /* Constants.h */ = {isa = PBXFileReference; fileEncoding = 4; lastKnownFileType = sourcecode.c.h; path = Constants.h; sourceTree = "<group>"; };
		BC80261C1B1D50D20043B397 /* Environment.h */ = {isa = PBXFileReference; fileEncoding = 4; lastKnownFileType = sourcecode.c.h; path = Environment.h; sourceTree = "<group>"; };
		BC80261D1B1D50D20043B397 /* Environment.m */ = {isa = PBXFileReference; fileEncoding = 4; lastKnownFileType = sourcecode.c.objc; path = Environment.m; sourceTree = "<group>"; };
		BC80261E1B1D50D20043B397 /* MOGroupStyleTableViewController.h */ = {isa = PBXFileReference; fileEncoding = 4; lastKnownFileType = sourcecode.c.h; path = MOGroupStyleTableViewController.h; sourceTree = "<group>"; };
		BC80261F1B1D50D20043B397 /* MOGroupStyleTableViewController.m */ = {isa = PBXFileReference; fileEncoding = 4; lastKnownFileType = sourcecode.c.objc; path = MOGroupStyleTableViewController.m; sourceTree = "<group>"; };
		BC8026201B1D50D20043B397 /* MONavigationController.h */ = {isa = PBXFileReference; fileEncoding = 4; lastKnownFileType = sourcecode.c.h; path = MONavigationController.h; sourceTree = "<group>"; };
		BC8026211B1D50D20043B397 /* MONavigationController.m */ = {isa = PBXFileReference; fileEncoding = 4; lastKnownFileType = sourcecode.c.objc; path = MONavigationController.m; sourceTree = "<group>"; };
		BC8026221B1D50D20043B397 /* MOTableViewController.h */ = {isa = PBXFileReference; fileEncoding = 4; lastKnownFileType = sourcecode.c.h; path = MOTableViewController.h; sourceTree = "<group>"; };
		BC8026231B1D50D20043B397 /* MOTableViewController.m */ = {isa = PBXFileReference; fileEncoding = 4; lastKnownFileType = sourcecode.c.objc; path = MOTableViewController.m; sourceTree = "<group>"; };
		BC8026241B1D50D20043B397 /* MOViewController.h */ = {isa = PBXFileReference; fileEncoding = 4; lastKnownFileType = sourcecode.c.h; path = MOViewController.h; sourceTree = "<group>"; };
		BC8026251B1D50D20043B397 /* MOViewController.m */ = {isa = PBXFileReference; fileEncoding = 4; lastKnownFileType = sourcecode.c.objc; path = MOViewController.m; sourceTree = "<group>"; };
		BC8026261B1D50D20043B397 /* MOWebViewController.h */ = {isa = PBXFileReference; fileEncoding = 4; lastKnownFileType = sourcecode.c.h; path = MOWebViewController.h; sourceTree = "<group>"; };
		BC8026271B1D50D20043B397 /* MOWebViewController.m */ = {isa = PBXFileReference; fileEncoding = 4; lastKnownFileType = sourcecode.c.objc; path = MOWebViewController.m; sourceTree = "<group>"; };
		BC8026291B1D50D20043B397 /* NSError+MOError.h */ = {isa = PBXFileReference; fileEncoding = 4; lastKnownFileType = sourcecode.c.h; path = "NSError+MOError.h"; sourceTree = "<group>"; };
		BC80262A1B1D50D20043B397 /* NSError+MOError.m */ = {isa = PBXFileReference; fileEncoding = 4; lastKnownFileType = sourcecode.c.objc; path = "NSError+MOError.m"; sourceTree = "<group>"; };
		BC80262B1B1D50D20043B397 /* NSString+MOURLEncode.h */ = {isa = PBXFileReference; fileEncoding = 4; lastKnownFileType = sourcecode.c.h; path = "NSString+MOURLEncode.h"; sourceTree = "<group>"; };
		BC80262C1B1D50D20043B397 /* NSString+MOURLEncode.m */ = {isa = PBXFileReference; fileEncoding = 4; lastKnownFileType = sourcecode.c.objc; path = "NSString+MOURLEncode.m"; sourceTree = "<group>"; };
		BC80262D1B1D50D20043B397 /* NSURL+MOURL.h */ = {isa = PBXFileReference; fileEncoding = 4; lastKnownFileType = sourcecode.c.h; path = "NSURL+MOURL.h"; sourceTree = "<group>"; };
		BC80262E1B1D50D20043B397 /* NSURL+MOURL.m */ = {isa = PBXFileReference; fileEncoding = 4; lastKnownFileType = sourcecode.c.objc; path = "NSURL+MOURL.m"; sourceTree = "<group>"; };
		BC80262F1B1D50D20043B397 /* UIImage+Color.h */ = {isa = PBXFileReference; fileEncoding = 4; lastKnownFileType = sourcecode.c.h; path = "UIImage+Color.h"; sourceTree = "<group>"; };
		BC8026301B1D50D20043B397 /* UIImage+Color.m */ = {isa = PBXFileReference; fileEncoding = 4; lastKnownFileType = sourcecode.c.objc; path = "UIImage+Color.m"; sourceTree = "<group>"; };
		BC8026311B1D50D20043B397 /* UILabel+ContentSize.h */ = {isa = PBXFileReference; fileEncoding = 4; lastKnownFileType = sourcecode.c.h; path = "UILabel+ContentSize.h"; sourceTree = "<group>"; };
		BC8026321B1D50D20043B397 /* UILabel+ContentSize.m */ = {isa = PBXFileReference; fileEncoding = 4; lastKnownFileType = sourcecode.c.objc; path = "UILabel+ContentSize.m"; sourceTree = "<group>"; };
		BC8026331B1D50D20043B397 /* UIView+Frame.h */ = {isa = PBXFileReference; fileEncoding = 4; lastKnownFileType = sourcecode.c.h; path = "UIView+Frame.h"; sourceTree = "<group>"; };
		BC8026341B1D50D20043B397 /* UIView+Frame.m */ = {isa = PBXFileReference; fileEncoding = 4; lastKnownFileType = sourcecode.c.objc; path = "UIView+Frame.m"; sourceTree = "<group>"; };
		BC80263B1B1D50D20043B397 /* BaseModel.h */ = {isa = PBXFileReference; fileEncoding = 4; lastKnownFileType = sourcecode.c.h; path = BaseModel.h; sourceTree = "<group>"; };
		BC80263C1B1D50D20043B397 /* BaseModel.m */ = {isa = PBXFileReference; fileEncoding = 4; lastKnownFileType = sourcecode.c.objc; path = BaseModel.m; sourceTree = "<group>"; };
		BC80264C1B1D50D20043B397 /* UploadImageModel.h */ = {isa = PBXFileReference; fileEncoding = 4; lastKnownFileType = sourcecode.c.h; path = UploadImageModel.h; sourceTree = "<group>"; };
		BC80264D1B1D50D20043B397 /* UploadImageModel.m */ = {isa = PBXFileReference; fileEncoding = 4; lastKnownFileType = sourcecode.c.objc; path = UploadImageModel.m; sourceTree = "<group>"; };
		BC8026581B1D50D20043B397 /* Account.h */ = {isa = PBXFileReference; fileEncoding = 4; lastKnownFileType = sourcecode.c.h; path = Account.h; sourceTree = "<group>"; };
		BC8026591B1D50D20043B397 /* Account.m */ = {isa = PBXFileReference; fileEncoding = 4; lastKnownFileType = sourcecode.c.objc; path = Account.m; sourceTree = "<group>"; };
		BC80265A1B1D50D20043B397 /* AccountModel.h */ = {isa = PBXFileReference; fileEncoding = 4; lastKnownFileType = sourcecode.c.h; path = AccountModel.h; sourceTree = "<group>"; };
		BC80265B1B1D50D20043B397 /* AccountModel.m */ = {isa = PBXFileReference; fileEncoding = 4; lastKnownFileType = sourcecode.c.objc; path = AccountModel.m; sourceTree = "<group>"; };
		BC80265C1B1D50D20043B397 /* User.h */ = {isa = PBXFileReference; fileEncoding = 4; lastKnownFileType = sourcecode.c.h; path = User.h; sourceTree = "<group>"; };
		BC80265D1B1D50D20043B397 /* User.m */ = {isa = PBXFileReference; fileEncoding = 4; lastKnownFileType = sourcecode.c.objc; path = User.m; sourceTree = "<group>"; };
		BC80265E1B1D50D20043B397 /* scheme.plist */ = {isa = PBXFileReference; fileEncoding = 4; lastKnownFileType = text.plist.xml; name = scheme.plist; path = Common/scheme.plist; sourceTree = "<group>"; };
		BC8026611B1D50D20043B397 /* AccountService.h */ = {isa = PBXFileReference; fileEncoding = 4; lastKnownFileType = sourcecode.c.h; path = AccountService.h; sourceTree = "<group>"; };
		BC8026621B1D50D20043B397 /* AccountService.m */ = {isa = PBXFileReference; fileEncoding = 4; lastKnownFileType = sourcecode.c.objc; path = AccountService.m; sourceTree = "<group>"; };
		BC8026641B1D50D20043B397 /* HttpService.h */ = {isa = PBXFileReference; fileEncoding = 4; lastKnownFileType = sourcecode.c.h; path = HttpService.h; sourceTree = "<group>"; };
		BC8026651B1D50D20043B397 /* HttpService.m */ = {isa = PBXFileReference; fileEncoding = 4; lastKnownFileType = sourcecode.c.objc; path = HttpService.m; sourceTree = "<group>"; };
		BC8026661B1D50D20043B397 /* URLMappingManager.h */ = {isa = PBXFileReference; fileEncoding = 4; lastKnownFileType = sourcecode.c.h; name = URLMappingManager.h; path = Common/URLMappingManager.h; sourceTree = "<group>"; };
		BC8026671B1D50D20043B397 /* URLMappingManager.m */ = {isa = PBXFileReference; fileEncoding = 4; lastKnownFileType = sourcecode.c.objc; name = URLMappingManager.m; path = Common/URLMappingManager.m; sourceTree = "<group>"; };
		BC80266A1B1D50D20043B397 /* ThirdAccountHelper.h */ = {isa = PBXFileReference; fileEncoding = 4; lastKnownFileType = sourcecode.c.h; path = ThirdAccountHelper.h; sourceTree = "<group>"; };
		BC80266B1B1D50D20043B397 /* ThirdAccountHelper.m */ = {isa = PBXFileReference; fileEncoding = 4; lastKnownFileType = sourcecode.c.objc; path = ThirdAccountHelper.m; sourceTree = "<group>"; };
		BC80266D1B1D50D20043B397 /* AvatarImageView.h */ = {isa = PBXFileReference; fileEncoding = 4; lastKnownFileType = sourcecode.c.h; path = AvatarImageView.h; sourceTree = "<group>"; };
		BC80266E1B1D50D20043B397 /* AvatarImageView.m */ = {isa = PBXFileReference; fileEncoding = 4; lastKnownFileType = sourcecode.c.objc; path = AvatarImageView.m; sourceTree = "<group>"; };
		BC8026711B1D50D20043B397 /* MOButton.h */ = {isa = PBXFileReference; fileEncoding = 4; lastKnownFileType = sourcecode.c.h; path = MOButton.h; sourceTree = "<group>"; };
		BC8026721B1D50D20043B397 /* MOButton.m */ = {isa = PBXFileReference; fileEncoding = 4; lastKnownFileType = sourcecode.c.objc; path = MOButton.m; sourceTree = "<group>"; };
		BC8026731B1D50D20043B397 /* MOLabel.h */ = {isa = PBXFileReference; fileEncoding = 4; lastKnownFileType = sourcecode.c.h; path = MOLabel.h; sourceTree = "<group>"; };
		BC8026741B1D50D20043B397 /* MOLabel.m */ = {isa = PBXFileReference; fileEncoding = 4; lastKnownFileType = sourcecode.c.objc; path = MOLabel.m; sourceTree = "<group>"; };
		BC80269A1B1D51A00043B397 /* PrefixHeader.pch */ = {isa = PBXFileReference; lastKnownFileType = sourcecode.c.h; path = PrefixHeader.pch; sourceTree = "<group>"; };
		BC80269D1B1D522D0043B397 /* LoginViewController.h */ = {isa = PBXFileReference; fileEncoding = 4; lastKnownFileType = sourcecode.c.h; path = LoginViewController.h; sourceTree = "<group>"; };
		BC80269E1B1D522D0043B397 /* LoginViewController.m */ = {isa = PBXFileReference; fileEncoding = 4; lastKnownFileType = sourcecode.c.objc; path = LoginViewController.m; sourceTree = "<group>"; };
		BC80269F1B1D522D0043B397 /* LoginViewController.xib */ = {isa = PBXFileReference; fileEncoding = 4; lastKnownFileType = file.xib; path = LoginViewController.xib; sourceTree = "<group>"; };
		BC8026A01B1D522D0043B397 /* MyStatusViewController.h */ = {isa = PBXFileReference; fileEncoding = 4; lastKnownFileType = sourcecode.c.h; path = MyStatusViewController.h; sourceTree = "<group>"; };
		BC8026A11B1D522D0043B397 /* MyStatusViewController.m */ = {isa = PBXFileReference; fileEncoding = 4; lastKnownFileType = sourcecode.c.objc; path = MyStatusViewController.m; sourceTree = "<group>"; };
		BC8026A21B1D522D0043B397 /* RegisterViewController.h */ = {isa = PBXFileReference; fileEncoding = 4; lastKnownFileType = sourcecode.c.h; path = RegisterViewController.h; sourceTree = "<group>"; };
		BC8026A31B1D522D0043B397 /* RegisterViewController.m */ = {isa = PBXFileReference; fileEncoding = 4; lastKnownFileType = sourcecode.c.objc; path = RegisterViewController.m; sourceTree = "<group>"; };
		BC8026A41B1D522D0043B397 /* RegisterViewController.xib */ = {isa = PBXFileReference; fileEncoding = 4; lastKnownFileType = file.xib; path = RegisterViewController.xib; sourceTree = "<group>"; };
		BC8026AA1B1D525A0043B397 /* UITextView+Placeholder.h */ = {isa = PBXFileReference; fileEncoding = 4; lastKnownFileType = sourcecode.c.h; path = "UITextView+Placeholder.h"; sourceTree = "<group>"; };
		BC8026AB1B1D525A0043B397 /* UITextView+Placeholder.m */ = {isa = PBXFileReference; fileEncoding = 4; lastKnownFileType = sourcecode.c.objc; path = "UITextView+Placeholder.m"; sourceTree = "<group>"; };
		BC8026AD1B1D52650043B397 /* DatePickerSheet.h */ = {isa = PBXFileReference; fileEncoding = 4; lastKnownFileType = sourcecode.c.h; path = DatePickerSheet.h; sourceTree = "<group>"; };
		BC8026AE1B1D52650043B397 /* DatePickerSheet.m */ = {isa = PBXFileReference; fileEncoding = 4; lastKnownFileType = sourcecode.c.objc; path = DatePickerSheet.m; sourceTree = "<group>"; };
		BC8026B41B1D58410043B397 /* libz.dylib */ = {isa = PBXFileReference; lastKnownFileType = "compiled.mach-o.dylib"; name = libz.dylib; path = usr/lib/libz.dylib; sourceTree = SDKROOT; };
		BC8026B61B1D584A0043B397 /* libsqlite3.dylib */ = {isa = PBXFileReference; lastKnownFileType = "compiled.mach-o.dylib"; name = libsqlite3.dylib; path = usr/lib/libsqlite3.dylib; sourceTree = SDKROOT; };
		BC8026B81B1D58520043B397 /* Security.framework */ = {isa = PBXFileReference; lastKnownFileType = wrapper.framework; name = Security.framework; path = System/Library/Frameworks/Security.framework; sourceTree = SDKROOT; };
		BC8026BA1B1D58590043B397 /* SystemConfiguration.framework */ = {isa = PBXFileReference; lastKnownFileType = wrapper.framework; name = SystemConfiguration.framework; path = System/Library/Frameworks/SystemConfiguration.framework; sourceTree = SDKROOT; };
		BC8026BC1B1D58600043B397 /* CFNetwork.framework */ = {isa = PBXFileReference; lastKnownFileType = wrapper.framework; name = CFNetwork.framework; path = System/Library/Frameworks/CFNetwork.framework; sourceTree = SDKROOT; };
		BC8026BE1B1D58BE0043B397 /* libGexinSdk-1.1.1.a */ = {isa = PBXFileReference; lastKnownFileType = archive.ar; name = "libGexinSdk-1.1.1.a"; path = "include/libGexinSdk-1.1.1.a"; sourceTree = "<group>"; };
		BC8026C11B1D59910043B397 /* WebViewController.h */ = {isa = PBXFileReference; fileEncoding = 4; lastKnownFileType = sourcecode.c.h; path = WebViewController.h; sourceTree = "<group>"; };
		BC8026C21B1D59910043B397 /* WebViewController.m */ = {isa = PBXFileReference; fileEncoding = 4; lastKnownFileType = sourcecode.c.objc; path = WebViewController.m; sourceTree = "<group>"; };
		BCCB20F51B1D5D9600C51229 /* libPods.a */ = {isa = PBXFileReference; lastKnownFileType = archive.ar; name = libPods.a; path = "Pods/../build/Debug-iphoneos/libPods.a"; sourceTree = "<group>"; };
/* End PBXFileReference section */

/* Begin PBXFrameworksBuildPhase section */
		BC8025681B1D4DA80043B397 /* Frameworks */ = {
			isa = PBXFrameworksBuildPhase;
			buildActionMask = 2147483647;
			files = (
				BCCB20F61B1D5D9600C51229 /* libPods.a in Frameworks */,
				BC8026BF1B1D58BE0043B397 /* libGexinSdk-1.1.1.a in Frameworks */,
				BC8026BD1B1D58600043B397 /* CFNetwork.framework in Frameworks */,
				BC8026BB1B1D58590043B397 /* SystemConfiguration.framework in Frameworks */,
				BC8026B91B1D58520043B397 /* Security.framework in Frameworks */,
				BC8026B71B1D584A0043B397 /* libsqlite3.dylib in Frameworks */,
				BC8026B51B1D58410043B397 /* libz.dylib in Frameworks */,
			);
			runOnlyForDeploymentPostprocessing = 0;
		};
		BC8025811B1D4DA80043B397 /* Frameworks */ = {
			isa = PBXFrameworksBuildPhase;
			buildActionMask = 2147483647;
			files = (
			);
			runOnlyForDeploymentPostprocessing = 0;
		};
/* End PBXFrameworksBuildPhase section */

/* Begin PBXGroup section */
		3A2B27AF02FB9B940CF57008 /* Frameworks */ = {
			isa = PBXGroup;
			children = (
				BCCB20F51B1D5D9600C51229 /* libPods.a */,
				BC8026BE1B1D58BE0043B397 /* libGexinSdk-1.1.1.a */,
				BC8026BC1B1D58600043B397 /* CFNetwork.framework */,
				BC8026BA1B1D58590043B397 /* SystemConfiguration.framework */,
				BC8026B81B1D58520043B397 /* Security.framework */,
				BC8026B61B1D584A0043B397 /* libsqlite3.dylib */,
				BC8026B41B1D58410043B397 /* libz.dylib */,
				5294E7B921A940274310F21A /* libPods.a */,
			);
			name = Frameworks;
			sourceTree = "<group>";
		};
		5A2DFF2C1B21956D002F3DD6 /* views */ = {
			isa = PBXGroup;
			children = (
				5A2DFF2D1B2195BE002F3DD6 /* EventContentCell.h */,
				5A2DFF2E1B2195BE002F3DD6 /* EventContentCell.m */,
				5AEB6A6D1B21FF180007588D /* EventContentCell.xib */,
				5A031ACA1B252EF6002C2207 /* EventDetailHeaderCell.h */,
				5A031ACB1B252EF6002C2207 /* EventDetailHeaderCell.m */,
				5A031ACC1B252EF6002C2207 /* EventDetailHeaderCell.xib */,
			);
			name = views;
			sourceTree = "<group>";
		};
		5AE5C1C21B218843008C751C /* Event */ = {
			isa = PBXGroup;
			children = (
				5A2DFF2C1B21956D002F3DD6 /* views */,
				5AE5C1C31B2188CA008C751C /* EventViewController.h */,
				5AE5C1C41B2188CA008C751C /* EventViewController.m */,
				5AE5C1C51B2188CA008C751C /* EventViewController.xib */,
				5A031AC71B252DDB002C2207 /* EventDetailViewController.h */,
				5A031AC81B252DDB002C2207 /* EventDetailViewController.m */,
			);
			name = Event;
			sourceTree = "<group>";
		};
		5AFD6BFF1B1E9C9C000FF4B3 /* views */ = {
			isa = PBXGroup;
			children = (
				5A6BA7701B1FEF770065F9A3 /* HomeTopCell.xib */,
				5A6BA7721B1FEFAD0065F9A3 /* HomeTopCell.h */,
				5A6BA7731B1FEFAD0065F9A3 /* HomeTopCell.m */,
				5A456A4B1B2137C400CC2CE5 /* HomeContentCell.h */,
				5A456A4C1B2137C400CC2CE5 /* HomeContentCell.m */,
				5AE5C1C01B218162008C751C /* HomeContentCell.xib */,
			);
			name = views;
			sourceTree = "<group>";
		};
		6E6EBC5EDCD1DC67677B5BD1 /* Pods */ = {
			isa = PBXGroup;
			children = (
				7A922675691B52A78F00EBD5 /* Pods.debug.xcconfig */,
				9739A32A46013615D3B834B7 /* Pods.release.xcconfig */,
			);
			name = Pods;
			sourceTree = "<group>";
		};
		BC8025621B1D4DA80043B397 = {
			isa = PBXGroup;
			children = (
				BC80256D1B1D4DA80043B397 /* TongQu */,
				BC8025871B1D4DA80043B397 /* TongQuTests */,
				BC80256C1B1D4DA80043B397 /* Products */,
				6E6EBC5EDCD1DC67677B5BD1 /* Pods */,
				3A2B27AF02FB9B940CF57008 /* Frameworks */,
			);
			sourceTree = "<group>";
		};
		BC80256C1B1D4DA80043B397 /* Products */ = {
			isa = PBXGroup;
			children = (
				BC80256B1B1D4DA80043B397 /* TongQu.app */,
				BC8025841B1D4DA80043B397 /* TongQuTests.xctest */,
			);
			name = Products;
			sourceTree = "<group>";
		};
		BC80256D1B1D4DA80043B397 /* TongQu */ = {
			isa = PBXGroup;
			children = (
				BC8025951B1D50490043B397 /* Common */,
				BC80269B1B1D522D0043B397 /* Business */,
				BC8025721B1D4DA80043B397 /* AppDelegate.h */,
				BC8025731B1D4DA80043B397 /* AppDelegate.m */,
				BC80257B1B1D4DA80043B397 /* Images.xcassets */,
				BC80257D1B1D4DA80043B397 /* LaunchScreen.xib */,
				BC80256E1B1D4DA80043B397 /* Supporting Files */,
			);
			path = TongQu;
			sourceTree = "<group>";
		};
		BC80256E1B1D4DA80043B397 /* Supporting Files */ = {
			isa = PBXGroup;
			children = (
				BC80269A1B1D51A00043B397 /* PrefixHeader.pch */,
				BC80256F1B1D4DA80043B397 /* Info.plist */,
				BC8025701B1D4DA80043B397 /* main.m */,
			);
			name = "Supporting Files";
			sourceTree = "<group>";
		};
		BC8025871B1D4DA80043B397 /* TongQuTests */ = {
			isa = PBXGroup;
			children = (
				BC80258A1B1D4DA80043B397 /* TongQuTests.m */,
				BC8025881B1D4DA80043B397 /* Supporting Files */,
			);
			path = TongQuTests;
			sourceTree = "<group>";
		};
		BC8025881B1D4DA80043B397 /* Supporting Files */ = {
			isa = PBXGroup;
			children = (
				BC8025891B1D4DA80043B397 /* Info.plist */,
			);
			name = "Supporting Files";
			sourceTree = "<group>";
		};
		BC8025951B1D50490043B397 /* Common */ = {
			isa = PBXGroup;
			children = (
				BC8026181B1D50D20043B397 /* Base */,
				BC8026281B1D50D20043B397 /* Categorys */,
				BC8026351B1D50D20043B397 /* Models */,
				BC80265E1B1D50D20043B397 /* scheme.plist */,
				BC80265F1B1D50D20043B397 /* Services */,
				BC8026661B1D50D20043B397 /* URLMappingManager.h */,
				BC8026671B1D50D20043B397 /* URLMappingManager.m */,
				BC8026681B1D50D20043B397 /* Utility */,
				BC8026691B1D50D20043B397 /* Utils */,
				BC80266C1B1D50D20043B397 /* Views */,
			);
			name = Common;
			sourceTree = "<group>";
		};
		BC8026181B1D50D20043B397 /* Base */ = {
			isa = PBXGroup;
			children = (
				BC8026191B1D50D20043B397 /* AlertNotice.h */,
				BC80261A1B1D50D20043B397 /* AlertNotice.m */,
				BC80261B1B1D50D20043B397 /* Constants.h */,
				BC80261C1B1D50D20043B397 /* Environment.h */,
				BC80261D1B1D50D20043B397 /* Environment.m */,
				BC80261E1B1D50D20043B397 /* MOGroupStyleTableViewController.h */,
				BC80261F1B1D50D20043B397 /* MOGroupStyleTableViewController.m */,
				BC8026201B1D50D20043B397 /* MONavigationController.h */,
				BC8026211B1D50D20043B397 /* MONavigationController.m */,
				BC8026221B1D50D20043B397 /* MOTableViewController.h */,
				BC8026231B1D50D20043B397 /* MOTableViewController.m */,
				BC8026241B1D50D20043B397 /* MOViewController.h */,
				BC8026251B1D50D20043B397 /* MOViewController.m */,
				BC8026261B1D50D20043B397 /* MOWebViewController.h */,
				BC8026271B1D50D20043B397 /* MOWebViewController.m */,
				5AF68C3E1B2017EC00B7E72E /* MOCollectionViewController.h */,
				5AF68C3F1B2017EC00B7E72E /* MOCollectionViewController.m */,
				5AF68C431B201AE000B7E72E /* MOCollectionViewController.xib */,
			);
			name = Base;
			path = Common/Base;
			sourceTree = "<group>";
		};
		BC8026281B1D50D20043B397 /* Categorys */ = {
			isa = PBXGroup;
			children = (
				BC8026AA1B1D525A0043B397 /* UITextView+Placeholder.h */,
				BC8026AB1B1D525A0043B397 /* UITextView+Placeholder.m */,
				BC8026291B1D50D20043B397 /* NSError+MOError.h */,
				BC80262A1B1D50D20043B397 /* NSError+MOError.m */,
				BC80262B1B1D50D20043B397 /* NSString+MOURLEncode.h */,
				BC80262C1B1D50D20043B397 /* NSString+MOURLEncode.m */,
				BC80262D1B1D50D20043B397 /* NSURL+MOURL.h */,
				BC80262E1B1D50D20043B397 /* NSURL+MOURL.m */,
				BC80262F1B1D50D20043B397 /* UIImage+Color.h */,
				BC8026301B1D50D20043B397 /* UIImage+Color.m */,
				BC8026311B1D50D20043B397 /* UILabel+ContentSize.h */,
				BC8026321B1D50D20043B397 /* UILabel+ContentSize.m */,
				BC8026331B1D50D20043B397 /* UIView+Frame.h */,
				BC8026341B1D50D20043B397 /* UIView+Frame.m */,
			);
			name = Categorys;
			path = Common/Categorys;
			sourceTree = "<group>";
		};
		BC8026351B1D50D20043B397 /* Models */ = {
			isa = PBXGroup;
			children = (
				BC80263B1B1D50D20043B397 /* BaseModel.h */,
				BC80263C1B1D50D20043B397 /* BaseModel.m */,
				BC80264B1B1D50D20043B397 /* Mine */,
				BC8026571B1D50D20043B397 /* User */,
			);
			name = Models;
			path = Common/Models;
			sourceTree = "<group>";
		};
		BC80264B1B1D50D20043B397 /* Mine */ = {
			isa = PBXGroup;
			children = (
				BC80264C1B1D50D20043B397 /* UploadImageModel.h */,
				BC80264D1B1D50D20043B397 /* UploadImageModel.m */,
			);
			path = Mine;
			sourceTree = "<group>";
		};
		BC8026571B1D50D20043B397 /* User */ = {
			isa = PBXGroup;
			children = (
				BC8026581B1D50D20043B397 /* Account.h */,
				BC8026591B1D50D20043B397 /* Account.m */,
				BC80265A1B1D50D20043B397 /* AccountModel.h */,
				BC80265B1B1D50D20043B397 /* AccountModel.m */,
				BC80265C1B1D50D20043B397 /* User.h */,
				BC80265D1B1D50D20043B397 /* User.m */,
			);
			path = User;
			sourceTree = "<group>";
		};
		BC80265F1B1D50D20043B397 /* Services */ = {
			isa = PBXGroup;
			children = (
				BC8026601B1D50D20043B397 /* Account */,
				BC8026631B1D50D20043B397 /* Http */,
			);
			name = Services;
			path = Common/Services;
			sourceTree = "<group>";
		};
		BC8026601B1D50D20043B397 /* Account */ = {
			isa = PBXGroup;
			children = (
				BC8026611B1D50D20043B397 /* AccountService.h */,
				BC8026621B1D50D20043B397 /* AccountService.m */,
			);
			path = Account;
			sourceTree = "<group>";
		};
		BC8026631B1D50D20043B397 /* Http */ = {
			isa = PBXGroup;
			children = (
				BC8026641B1D50D20043B397 /* HttpService.h */,
				BC8026651B1D50D20043B397 /* HttpService.m */,
			);
			path = Http;
			sourceTree = "<group>";
		};
		BC8026681B1D50D20043B397 /* Utility */ = {
			isa = PBXGroup;
			children = (
			);
			name = Utility;
			path = Common/Utility;
			sourceTree = "<group>";
		};
		BC8026691B1D50D20043B397 /* Utils */ = {
			isa = PBXGroup;
			children = (
				5AC3D4611B24841D00007C48 /* UITableView+FDTemplateLayoutCell.h */,
				5AC3D4621B24841D00007C48 /* UITableView+FDTemplateLayoutCell.m */,
				BC80266A1B1D50D20043B397 /* ThirdAccountHelper.h */,
				BC80266B1B1D50D20043B397 /* ThirdAccountHelper.m */,
				5A2E7A5E1B1EF40700DC0CCF /* ConvertFromXib.h */,
				5A2E7A5F1B1EF40700DC0CCF /* ConvertFromXib.m */,
				5AB198D91B2151BC006D4909 /* SectionBackgroundLayout.h */,
				5AB198DA1B2151BC006D4909 /* SectionBackgroundLayout.m */,
				5AB198DC1B2151D1006D4909 /* SectionBackgroundView1.xib */,
			);
			name = Utils;
			path = Common/Utils;
			sourceTree = "<group>";
		};
		BC80266C1B1D50D20043B397 /* Views */ = {
			isa = PBXGroup;
			children = (
				BC8026AD1B1D52650043B397 /* DatePickerSheet.h */,
				BC8026AE1B1D52650043B397 /* DatePickerSheet.m */,
				BC80266D1B1D50D20043B397 /* AvatarImageView.h */,
				BC80266E1B1D50D20043B397 /* AvatarImageView.m */,
				BC8026711B1D50D20043B397 /* MOButton.h */,
				BC8026721B1D50D20043B397 /* MOButton.m */,
				BC8026731B1D50D20043B397 /* MOLabel.h */,
				BC8026741B1D50D20043B397 /* MOLabel.m */,
			);
			name = Views;
			path = Common/Views;
			sourceTree = "<group>";
		};
		BC80269B1B1D522D0043B397 /* Business */ = {
			isa = PBXGroup;
			children = (
				5AE5C1C21B218843008C751C /* Event */,
				BC8026B01B1D544D0043B397 /* Home */,
				BC80269C1B1D522D0043B397 /* Login */,
				BC8026C01B1D59910043B397 /* Web */,
			);
			path = Business;
			sourceTree = "<group>";
		};
		BC80269C1B1D522D0043B397 /* Login */ = {
			isa = PBXGroup;
			children = (
				BC80269D1B1D522D0043B397 /* LoginViewController.h */,
				BC80269E1B1D522D0043B397 /* LoginViewController.m */,
				BC80269F1B1D522D0043B397 /* LoginViewController.xib */,
				BC8026A01B1D522D0043B397 /* MyStatusViewController.h */,
				BC8026A11B1D522D0043B397 /* MyStatusViewController.m */,
				BC8026A21B1D522D0043B397 /* RegisterViewController.h */,
				BC8026A31B1D522D0043B397 /* RegisterViewController.m */,
				BC8026A41B1D522D0043B397 /* RegisterViewController.xib */,
			);
			path = Login;
			sourceTree = "<group>";
		};
		BC8026B01B1D544D0043B397 /* Home */ = {
			isa = PBXGroup;
			children = (
				5AFD6BFF1B1E9C9C000FF4B3 /* views */,
				5AF68C451B201F9D00B7E72E /* HomeViewController.h */,
				5AF68C461B201F9D00B7E72E /* HomeViewController.m */,
			);
			name = Home;
			sourceTree = "<group>";
		};
		BC8026C01B1D59910043B397 /* Web */ = {
			isa = PBXGroup;
			children = (
				BC8026C11B1D59910043B397 /* WebViewController.h */,
				BC8026C21B1D59910043B397 /* WebViewController.m */,
			);
			path = Web;
			sourceTree = "<group>";
		};
/* End PBXGroup section */

/* Begin PBXNativeTarget section */
		BC80256A1B1D4DA80043B397 /* TongQu */ = {
			isa = PBXNativeTarget;
			buildConfigurationList = BC80258E1B1D4DA80043B397 /* Build configuration list for PBXNativeTarget "TongQu" */;
			buildPhases = (
				E80C9F10D622AF5C6D05CBEE /* Check Pods Manifest.lock */,
				BC8025671B1D4DA80043B397 /* Sources */,
				BC8025681B1D4DA80043B397 /* Frameworks */,
				BC8025691B1D4DA80043B397 /* Resources */,
				6CCC6064B29CD0C2A33C7F58 /* Copy Pods Resources */,
			);
			buildRules = (
			);
			dependencies = (
			);
			name = TongQu;
			productName = TongQu;
			productReference = BC80256B1B1D4DA80043B397 /* TongQu.app */;
			productType = "com.apple.product-type.application";
		};
		BC8025831B1D4DA80043B397 /* TongQuTests */ = {
			isa = PBXNativeTarget;
			buildConfigurationList = BC8025911B1D4DA80043B397 /* Build configuration list for PBXNativeTarget "TongQuTests" */;
			buildPhases = (
				BC8025801B1D4DA80043B397 /* Sources */,
				BC8025811B1D4DA80043B397 /* Frameworks */,
				BC8025821B1D4DA80043B397 /* Resources */,
			);
			buildRules = (
			);
			dependencies = (
				BC8025861B1D4DA80043B397 /* PBXTargetDependency */,
			);
			name = TongQuTests;
			productName = TongQuTests;
			productReference = BC8025841B1D4DA80043B397 /* TongQuTests.xctest */;
			productType = "com.apple.product-type.bundle.unit-test";
		};
/* End PBXNativeTarget section */

/* Begin PBXProject section */
		BC8025631B1D4DA80043B397 /* Project object */ = {
			isa = PBXProject;
			attributes = {
				LastUpgradeCheck = 0630;
				ORGANIZATIONNAME = YouXing;
				TargetAttributes = {
					BC80256A1B1D4DA80043B397 = {
						CreatedOnToolsVersion = 6.3.2;
					};
					BC8025831B1D4DA80043B397 = {
						CreatedOnToolsVersion = 6.3.2;
						TestTargetID = BC80256A1B1D4DA80043B397;
					};
				};
			};
			buildConfigurationList = BC8025661B1D4DA80043B397 /* Build configuration list for PBXProject "TongQu" */;
			compatibilityVersion = "Xcode 3.2";
			developmentRegion = English;
			hasScannedForEncodings = 0;
			knownRegions = (
				en,
				Base,
			);
			mainGroup = BC8025621B1D4DA80043B397;
			productRefGroup = BC80256C1B1D4DA80043B397 /* Products */;
			projectDirPath = "";
			projectRoot = "";
			targets = (
				BC80256A1B1D4DA80043B397 /* TongQu */,
				BC8025831B1D4DA80043B397 /* TongQuTests */,
			);
		};
/* End PBXProject section */

/* Begin PBXResourcesBuildPhase section */
		BC8025691B1D4DA80043B397 /* Resources */ = {
			isa = PBXResourcesBuildPhase;
			buildActionMask = 2147483647;
			files = (
				5AEB6A6E1B21FF180007588D /* EventContentCell.xib in Resources */,
				5AE5C1C11B218162008C751C /* HomeContentCell.xib in Resources */,
				5AE5C1C71B2188CA008C751C /* EventViewController.xib in Resources */,
				BC8026A61B1D522D0043B397 /* LoginViewController.xib in Resources */,
				BC8026A91B1D522D0043B397 /* RegisterViewController.xib in Resources */,
				BC8026911B1D50D20043B397 /* scheme.plist in Resources */,
				5AB198DD1B2151D1006D4909 /* SectionBackgroundView1.xib in Resources */,
				5AF68C441B201AE000B7E72E /* MOCollectionViewController.xib in Resources */,
				5A6BA7711B1FEF770065F9A3 /* HomeTopCell.xib in Resources */,
				5A031ACE1B252EF6002C2207 /* EventDetailHeaderCell.xib in Resources */,
				BC80257C1B1D4DA80043B397 /* Images.xcassets in Resources */,
			);
			runOnlyForDeploymentPostprocessing = 0;
		};
		BC8025821B1D4DA80043B397 /* Resources */ = {
			isa = PBXResourcesBuildPhase;
			buildActionMask = 2147483647;
			files = (
			);
			runOnlyForDeploymentPostprocessing = 0;
		};
/* End PBXResourcesBuildPhase section */

/* Begin PBXShellScriptBuildPhase section */
		6CCC6064B29CD0C2A33C7F58 /* Copy Pods Resources */ = {
			isa = PBXShellScriptBuildPhase;
			buildActionMask = 2147483647;
			files = (
			);
			inputPaths = (
			);
			name = "Copy Pods Resources";
			outputPaths = (
			);
			runOnlyForDeploymentPostprocessing = 0;
			shellPath = /bin/sh;
			shellScript = "\"${SRCROOT}/Pods/Target Support Files/Pods/Pods-resources.sh\"\n";
			showEnvVarsInLog = 0;
		};
		E80C9F10D622AF5C6D05CBEE /* Check Pods Manifest.lock */ = {
			isa = PBXShellScriptBuildPhase;
			buildActionMask = 2147483647;
			files = (
			);
			inputPaths = (
			);
			name = "Check Pods Manifest.lock";
			outputPaths = (
			);
			runOnlyForDeploymentPostprocessing = 0;
			shellPath = /bin/sh;
			shellScript = "diff \"${PODS_ROOT}/../Podfile.lock\" \"${PODS_ROOT}/Manifest.lock\" > /dev/null\nif [[ $? != 0 ]] ; then\n    cat << EOM\nerror: The sandbox is not in sync with the Podfile.lock. Run 'pod install' or update your CocoaPods installation.\nEOM\n    exit 1\nfi\n";
			showEnvVarsInLog = 0;
		};
/* End PBXShellScriptBuildPhase section */

/* Begin PBXSourcesBuildPhase section */
		BC8025671B1D4DA80043B397 /* Sources */ = {
			isa = PBXSourcesBuildPhase;
			buildActionMask = 2147483647;
			files = (
				5A031AC91B252DDB002C2207 /* EventDetailViewController.m in Sources */,
				BC8026961B1D50D20043B397 /* AvatarImageView.m in Sources */,
				BC8026AC1B1D525A0043B397 /* UITextView+Placeholder.m in Sources */,
				BC8026841B1D50D20043B397 /* BaseModel.m in Sources */,
				BC8026A51B1D522D0043B397 /* LoginViewController.m in Sources */,
				BC8026921B1D50D20043B397 /* AccountService.m in Sources */,
				BC80267A1B1D50D20043B397 /* MOViewController.m in Sources */,
				BC8026C31B1D59910043B397 /* WebViewController.m in Sources */,
				BC8026791B1D50D20043B397 /* MOTableViewController.m in Sources */,
				BC8025741B1D4DA80043B397 /* AppDelegate.m in Sources */,
				BC8026811B1D50D20043B397 /* UIView+Frame.m in Sources */,
				BC80267B1B1D50D20043B397 /* MOWebViewController.m in Sources */,
				BC80268A1B1D50D20043B397 /* UploadImageModel.m in Sources */,
				BC80267C1B1D50D20043B397 /* NSError+MOError.m in Sources */,
				BC80268F1B1D50D20043B397 /* AccountModel.m in Sources */,
				BC8026AF1B1D52650043B397 /* DatePickerSheet.m in Sources */,
				5AC3D4631B24841D00007C48 /* UITableView+FDTemplateLayoutCell.m in Sources */,
				BC80267D1B1D50D20043B397 /* NSString+MOURLEncode.m in Sources */,
				BC8026941B1D50D20043B397 /* URLMappingManager.m in Sources */,
				5AE5C1C61B2188CA008C751C /* EventViewController.m in Sources */,
				BC8026981B1D50D20043B397 /* MOButton.m in Sources */,
				BC8026781B1D50D20043B397 /* MONavigationController.m in Sources */,
				5AB198DB1B2151BC006D4909 /* SectionBackgroundLayout.m in Sources */,
				BC8026761B1D50D20043B397 /* Environment.m in Sources */,
				BC8026A81B1D522D0043B397 /* RegisterViewController.m in Sources */,
				BC8026751B1D50D20043B397 /* AlertNotice.m in Sources */,
				BC8026901B1D50D20043B397 /* User.m in Sources */,
				5AF68C401B2017EC00B7E72E /* MOCollectionViewController.m in Sources */,
				5A031ACD1B252EF6002C2207 /* EventDetailHeaderCell.m in Sources */,
				BC8026801B1D50D20043B397 /* UILabel+ContentSize.m in Sources */,
				BC8025711B1D4DA80043B397 /* main.m in Sources */,
				BC8026A71B1D522D0043B397 /* MyStatusViewController.m in Sources */,
				BC8026991B1D50D20043B397 /* MOLabel.m in Sources */,
				5A456A4E1B2137C400CC2CE5 /* HomeContentCell.m in Sources */,
				BC8026931B1D50D20043B397 /* HttpService.m in Sources */,
				BC80267E1B1D50D20043B397 /* NSURL+MOURL.m in Sources */,
				BC8026771B1D50D20043B397 /* MOGroupStyleTableViewController.m in Sources */,
				5AF68C471B201F9D00B7E72E /* HomeViewController.m in Sources */,
				5A2DFF301B2195BE002F3DD6 /* EventContentCell.m in Sources */,
				BC80267F1B1D50D20043B397 /* UIImage+Color.m in Sources */,
				BC80268E1B1D50D20043B397 /* Account.m in Sources */,
				5A6BA7741B1FEFAD0065F9A3 /* HomeTopCell.m in Sources */,
				5A2E7A601B1EF40700DC0CCF /* ConvertFromXib.m in Sources */,
				BC8026951B1D50D20043B397 /* ThirdAccountHelper.m in Sources */,
			);
			runOnlyForDeploymentPostprocessing = 0;
		};
		BC8025801B1D4DA80043B397 /* Sources */ = {
			isa = PBXSourcesBuildPhase;
			buildActionMask = 2147483647;
			files = (
				BC80258B1B1D4DA80043B397 /* TongQuTests.m in Sources */,
			);
			runOnlyForDeploymentPostprocessing = 0;
		};
/* End PBXSourcesBuildPhase section */

/* Begin PBXTargetDependency section */
		BC8025861B1D4DA80043B397 /* PBXTargetDependency */ = {
			isa = PBXTargetDependency;
			target = BC80256A1B1D4DA80043B397 /* TongQu */;
			targetProxy = BC8025851B1D4DA80043B397 /* PBXContainerItemProxy */;
		};
/* End PBXTargetDependency section */

/* Begin PBXVariantGroup section */
		BC80257D1B1D4DA80043B397 /* LaunchScreen.xib */ = {
			isa = PBXVariantGroup;
			children = (
				BC80257E1B1D4DA80043B397 /* Base */,
			);
			name = LaunchScreen.xib;
			sourceTree = "<group>";
		};
/* End PBXVariantGroup section */

/* Begin XCBuildConfiguration section */
		BC80258C1B1D4DA80043B397 /* Debug */ = {
			isa = XCBuildConfiguration;
			buildSettings = {
				ALWAYS_SEARCH_USER_PATHS = NO;
				CLANG_CXX_LANGUAGE_STANDARD = "gnu++0x";
				CLANG_CXX_LIBRARY = "libc++";
				CLANG_ENABLE_MODULES = YES;
				CLANG_ENABLE_OBJC_ARC = YES;
				CLANG_WARN_BOOL_CONVERSION = YES;
				CLANG_WARN_CONSTANT_CONVERSION = YES;
				CLANG_WARN_DIRECT_OBJC_ISA_USAGE = YES_ERROR;
				CLANG_WARN_EMPTY_BODY = YES;
				CLANG_WARN_ENUM_CONVERSION = YES;
				CLANG_WARN_INT_CONVERSION = YES;
				CLANG_WARN_OBJC_ROOT_CLASS = YES_ERROR;
				CLANG_WARN_UNREACHABLE_CODE = YES;
				CLANG_WARN__DUPLICATE_METHOD_MATCH = YES;
				"CODE_SIGN_IDENTITY[sdk=iphoneos*]" = "iPhone Developer";
				COPY_PHASE_STRIP = NO;
				DEBUG_INFORMATION_FORMAT = "dwarf-with-dsym";
				ENABLE_STRICT_OBJC_MSGSEND = YES;
				GCC_C_LANGUAGE_STANDARD = gnu99;
				GCC_DYNAMIC_NO_PIC = NO;
				GCC_NO_COMMON_BLOCKS = YES;
				GCC_OPTIMIZATION_LEVEL = 0;
				GCC_PREPROCESSOR_DEFINITIONS = (
					"DEBUG=1",
					"$(inherited)",
				);
				GCC_SYMBOLS_PRIVATE_EXTERN = NO;
				GCC_WARN_64_TO_32_BIT_CONVERSION = YES;
				GCC_WARN_ABOUT_RETURN_TYPE = YES_ERROR;
				GCC_WARN_UNDECLARED_SELECTOR = YES;
				GCC_WARN_UNINITIALIZED_AUTOS = YES_AGGRESSIVE;
				GCC_WARN_UNUSED_FUNCTION = YES;
				GCC_WARN_UNUSED_VARIABLE = YES;
				IPHONEOS_DEPLOYMENT_TARGET = 8.3;
				MTL_ENABLE_DEBUG_INFO = YES;
				ONLY_ACTIVE_ARCH = YES;
				SDKROOT = iphoneos;
			};
			name = Debug;
		};
		BC80258D1B1D4DA80043B397 /* Release */ = {
			isa = XCBuildConfiguration;
			buildSettings = {
				ALWAYS_SEARCH_USER_PATHS = NO;
				CLANG_CXX_LANGUAGE_STANDARD = "gnu++0x";
				CLANG_CXX_LIBRARY = "libc++";
				CLANG_ENABLE_MODULES = YES;
				CLANG_ENABLE_OBJC_ARC = YES;
				CLANG_WARN_BOOL_CONVERSION = YES;
				CLANG_WARN_CONSTANT_CONVERSION = YES;
				CLANG_WARN_DIRECT_OBJC_ISA_USAGE = YES_ERROR;
				CLANG_WARN_EMPTY_BODY = YES;
				CLANG_WARN_ENUM_CONVERSION = YES;
				CLANG_WARN_INT_CONVERSION = YES;
				CLANG_WARN_OBJC_ROOT_CLASS = YES_ERROR;
				CLANG_WARN_UNREACHABLE_CODE = YES;
				CLANG_WARN__DUPLICATE_METHOD_MATCH = YES;
				"CODE_SIGN_IDENTITY[sdk=iphoneos*]" = "iPhone Developer";
				COPY_PHASE_STRIP = NO;
				DEBUG_INFORMATION_FORMAT = "dwarf-with-dsym";
				ENABLE_NS_ASSERTIONS = NO;
				ENABLE_STRICT_OBJC_MSGSEND = YES;
				GCC_C_LANGUAGE_STANDARD = gnu99;
				GCC_NO_COMMON_BLOCKS = YES;
				GCC_WARN_64_TO_32_BIT_CONVERSION = YES;
				GCC_WARN_ABOUT_RETURN_TYPE = YES_ERROR;
				GCC_WARN_UNDECLARED_SELECTOR = YES;
				GCC_WARN_UNINITIALIZED_AUTOS = YES_AGGRESSIVE;
				GCC_WARN_UNUSED_FUNCTION = YES;
				GCC_WARN_UNUSED_VARIABLE = YES;
				IPHONEOS_DEPLOYMENT_TARGET = 8.3;
				MTL_ENABLE_DEBUG_INFO = NO;
				SDKROOT = iphoneos;
				VALIDATE_PRODUCT = YES;
			};
			name = Release;
		};
		BC80258F1B1D4DA80043B397 /* Debug */ = {
			isa = XCBuildConfiguration;
			baseConfigurationReference = 7A922675691B52A78F00EBD5 /* Pods.debug.xcconfig */;
			buildSettings = {
				ASSETCATALOG_COMPILER_APPICON_NAME = AppIcon;
				GCC_PREFIX_HEADER = TongQu/PrefixHeader.pch;
				HEADER_SEARCH_PATHS = (
					"$(inherited)",
					"\"$(SRCROOT)/include\"",
					"\"${PODS_ROOT}/Headers/Public\"",
					"\"${PODS_ROOT}/Headers/Public/AFNetworking\"",
					"\"${PODS_ROOT}/Headers/Public/JSONModel\"",
					"\"${PODS_ROOT}/Headers/Public/MBProgressHUD\"",
					"\"${PODS_ROOT}/Headers/Public/MJRefresh\"",
					"\"${PODS_ROOT}/Headers/Public/Masonry\"",
					"\"${PODS_ROOT}/Headers/Public/SDWebImage\"",
				);
				INFOPLIST_FILE = TongQu/Info.plist;
				IPHONEOS_DEPLOYMENT_TARGET = 7.0;
				LD_RUNPATH_SEARCH_PATHS = "$(inherited) @executable_path/Frameworks";
				LIBRARY_SEARCH_PATHS = (
					"\"$(SRCROOT)/include\"",
					"$(PROJECT_DIR)/include",
				);
				PRODUCT_NAME = "$(TARGET_NAME)";
			};
			name = Debug;
		};
		BC8025901B1D4DA80043B397 /* Release */ = {
			isa = XCBuildConfiguration;
			baseConfigurationReference = 9739A32A46013615D3B834B7 /* Pods.release.xcconfig */;
			buildSettings = {
				ASSETCATALOG_COMPILER_APPICON_NAME = AppIcon;
				GCC_PREFIX_HEADER = TongQu/PrefixHeader.pch;
				HEADER_SEARCH_PATHS = (
					"$(inherited)",
					"\"$(SRCROOT)/include\"",
					"\"${PODS_ROOT}/Headers/Public\"",
					"\"${PODS_ROOT}/Headers/Public/AFNetworking\"",
					"\"${PODS_ROOT}/Headers/Public/JSONModel\"",
					"\"${PODS_ROOT}/Headers/Public/MBProgressHUD\"",
					"\"${PODS_ROOT}/Headers/Public/MJRefresh\"",
					"\"${PODS_ROOT}/Headers/Public/Masonry\"",
					"\"${PODS_ROOT}/Headers/Public/SDWebImage\"",
				);
				INFOPLIST_FILE = TongQu/Info.plist;
				IPHONEOS_DEPLOYMENT_TARGET = 7.0;
				LD_RUNPATH_SEARCH_PATHS = "$(inherited) @executable_path/Frameworks";
				LIBRARY_SEARCH_PATHS = (
					"\"$(SRCROOT)/include\"",
					"$(PROJECT_DIR)/include",
				);
				PRODUCT_NAME = "$(TARGET_NAME)";
			};
			name = Release;
		};
		BC8025921B1D4DA80043B397 /* Debug */ = {
			isa = XCBuildConfiguration;
			buildSettings = {
				BUNDLE_LOADER = "$(TEST_HOST)";
				FRAMEWORK_SEARCH_PATHS = (
					"$(SDKROOT)/Developer/Library/Frameworks",
					"$(inherited)",
				);
				GCC_PREPROCESSOR_DEFINITIONS = (
					"DEBUG=1",
					"$(inherited)",
				);
				INFOPLIST_FILE = TongQuTests/Info.plist;
				LD_RUNPATH_SEARCH_PATHS = "$(inherited) @executable_path/Frameworks @loader_path/Frameworks";
				PRODUCT_NAME = "$(TARGET_NAME)";
				TEST_HOST = "$(BUILT_PRODUCTS_DIR)/TongQu.app/TongQu";
			};
			name = Debug;
		};
		BC8025931B1D4DA80043B397 /* Release */ = {
			isa = XCBuildConfiguration;
			buildSettings = {
				BUNDLE_LOADER = "$(TEST_HOST)";
				FRAMEWORK_SEARCH_PATHS = (
					"$(SDKROOT)/Developer/Library/Frameworks",
					"$(inherited)",
				);
				INFOPLIST_FILE = TongQuTests/Info.plist;
				LD_RUNPATH_SEARCH_PATHS = "$(inherited) @executable_path/Frameworks @loader_path/Frameworks";
				PRODUCT_NAME = "$(TARGET_NAME)";
				TEST_HOST = "$(BUILT_PRODUCTS_DIR)/TongQu.app/TongQu";
			};
			name = Release;
		};
/* End XCBuildConfiguration section */

/* Begin XCConfigurationList section */
		BC8025661B1D4DA80043B397 /* Build configuration list for PBXProject "TongQu" */ = {
			isa = XCConfigurationList;
			buildConfigurations = (
				BC80258C1B1D4DA80043B397 /* Debug */,
				BC80258D1B1D4DA80043B397 /* Release */,
			);
			defaultConfigurationIsVisible = 0;
			defaultConfigurationName = Release;
		};
		BC80258E1B1D4DA80043B397 /* Build configuration list for PBXNativeTarget "TongQu" */ = {
			isa = XCConfigurationList;
			buildConfigurations = (
				BC80258F1B1D4DA80043B397 /* Debug */,
				BC8025901B1D4DA80043B397 /* Release */,
			);
			defaultConfigurationIsVisible = 0;
			defaultConfigurationName = Release;
		};
		BC8025911B1D4DA80043B397 /* Build configuration list for PBXNativeTarget "TongQuTests" */ = {
			isa = XCConfigurationList;
			buildConfigurations = (
				BC8025921B1D4DA80043B397 /* Debug */,
				BC8025931B1D4DA80043B397 /* Release */,
			);
			defaultConfigurationIsVisible = 0;
			defaultConfigurationName = Release;
		};
/* End XCConfigurationList section */
	};
	rootObject = BC8025631B1D4DA80043B397 /* Project object */;
}
